
Microsoft Visual Studio Solution File, Format Version 12.00
# Visual Studio Version 17
VisualStudioVersion = 17.14.36121.58 d17.14
MinimumVisualStudioVersion = 10.0.40219.1
Project("{FAE04EC0-301F-11D3-BF4B-00C04F79EFBC}") = "DenounceBeasts.API", "DenounceBeasts.API\DenounceBeasts.API.csproj", "{957D8E90-D13B-4CA9-A10F-A14BA0804459}"
EndProject
Global
	GlobalSection(SolutionConfigurationPlatforms) = preSolution
		Debug|Any CPU = Debug|Any CPU
		Release|Any CPU = Release|Any CPU
	EndGlobalSection
	GlobalSection(ProjectConfigurationPlatforms) = postSolution
		{957D8E90-D13B-4CA9-A10F-A14BA0804459}.Debug|Any CPU.ActiveCfg = Debug|Any CPU
		{957D8E90-D13B-4CA9-A10F-A14BA0804459}.Debug|Any CPU.Build.0 = Debug|Any CPU
		{957D8E90-D13B-4CA9-A10F-A14BA0804459}.Release|Any CPU.ActiveCfg = Release|Any CPU
		{957D8E90-D13B-4CA9-A10F-A14BA0804459}.Release|Any CPU.Build.0 = Release|Any CPU
	EndGlobalSection
	GlobalSection(SolutionProperties) = preSolution
		HideSolutionNode = FALSE
	EndGlobalSection
	GlobalSection(ExtensibilityGlobals) = postSolution
		SolutionGuid = {3D53885D-63FF-468B-955A-4CADB583A152}
	EndGlobalSection
EndGlobal
